# Generated by pub
# See https://dart.dev/tools/pub/glossary#lockfile
packages:
  collection:
    dependency: transitive
    description:
      name: collection
      sha256: f092b211a4319e98e5ff58223576de6c2803db36221657b46c82574721240687
      url: "https://pub.dev"
    source: hosted
    version: "1.17.2"
  howler:
    dependency: "direct main"
    description:
      name: howler
      sha256: "97e43a96ab58180e463533a0e31f072a22aaf7743cdb86ea399bc831909aa2b1"
      url: "https://pub.dev"
    source: hosted
    version: "1.1.2"
  intl:
    dependency: transitive
    description:
      name: intl
      sha256: "4691515bb3f68ebbc4776bc97a84d429bb8e8c141a77b5ab988a4b02adb1747a"
      url: "https://pub.dev"
    source: hosted
    version: "0.16.1"
  mp3_player:
    dependency: "direct main"
    description:
      name: mp3_player
      sha256: ea5516e18919d39739e5126cd81e842687908dd24855f2f3b90cc5a98621faba
      url: "https://pub.dev"
    source: hosted
    version: "0.2.1"
  path:
    dependency: "direct main"
    description:
      name: path
      sha256: "8829d8a55c13fc0e37127c29fedf290c102f4e40ae94ada574091fe0ff96c917"
      url: "https://pub.dev"
    source: hosted
    version: "1.8.3"
  pedantic:
    dependency: "direct dev"
    description:
      name: pedantic
      sha256: "67fc27ed9639506c856c840ccce7594d0bdcd91bc8d53d6e52359449a1d50602"
      url: "https://pub.dev"
    source: hosted
    version: "1.11.1"
  resource_portable:
    dependency: transitive
    description:
      name: resource_portable
      sha256: "54f2e77347a6abc5a492eefd3b2b15a528b030ca385dfb202795fa7241844de2"
      url: "https://pub.dev"
    source: hosted
    version: "2.1.8"
  swiss_knife:
    dependency: transitive
    description:
      name: swiss_knife
      sha256: b54fc0a094ad38ef37251499686f5f28d5953bb9d55d23d28aa83f2047eeba27
      url: "https://pub.dev"
    source: hosted
    version: "2.5.26"
  typed_data:
    dependency: transitive
    description:
      name: typed_data
      sha256: facc8d6582f16042dd49f2463ff1bd6e2c9ef9f3d5da3d9b087e244a7b564b3c
      url: "https://pub.dev"
    source: hosted
    version: "1.3.2"
sdks:
  dart: ">=2.18.0 <3.0.0"
